
Microsoft Visual Studio Solution File, Format Version 12.00
# Visual Studio 15
VisualStudioVersion = 15.0.28307.421
MinimumVisualStudioVersion = 10.0.40219.1
Project("{9A19103F-16F7-4668-BE54-9A1E7A4F7556}") = "XSession", "XSession\XSession.csproj", "{3F3AE295-205B-4D22-A086-E740DE46D322}"
EndProject
Global
	GlobalSection(SolutionConfigurationPlatforms) = preSolution
		Debug|Any CPU = Debug|Any CPU
		Release|Any CPU = Release|Any CPU
	EndGlobalSection
	GlobalSection(ProjectConfigurationPlatforms) = postSolution
		{3F3AE295-205B-4D22-A086-E740DE46D322}.Debug|Any CPU.ActiveCfg = Debug|Any CPU
		{3F3AE295-205B-4D22-A086-E740DE46D322}.Debug|Any CPU.Build.0 = Debug|Any CPU
		{3F3AE295-205B-4D22-A086-E740DE46D322}.Release|Any CPU.ActiveCfg = Release|Any CPU
		{3F3AE295-205B-4D22-A086-E740DE46D322}.Release|Any CPU.Build.0 = Release|Any CPU
	EndGlobalSection
	GlobalSection(SolutionProperties) = preSolution
		HideSolutionNode = FALSE
	EndGlobalSection
	GlobalSection(ExtensibilityGlobals) = postSolution
		SolutionGuid = {3D123E7E-1960-47C2-9B6F-CDEDB8FA437F}
	EndGlobalSection
EndGlobal
